
Microsoft Visual Studio Solution File, Format Version 12.00
# Visual Studio Version 17
VisualStudioVersion = 17.0.32014.148
MinimumVisualStudioVersion = 10.0.40219.1
Project("{FAE04EC0-301F-11D3-BF4B-00C04F79EFBC}") = "SololearnPractice", "SololearnPractice\SololearnPractice.csproj", "{6477C07A-19F2-496C-B82B-F5D30F2B121B}"
EndProject
Global
	GlobalSection(SolutionConfigurationPlatforms) = preSolution
		Debug|Any CPU = Debug|Any CPU
		Release|Any CPU = Release|Any CPU
	EndGlobalSection
	GlobalSection(ProjectConfigurationPlatforms) = postSolution
		{6477C07A-19F2-496C-B82B-F5D30F2B121B}.Debug|Any CPU.ActiveCfg = Debug|Any CPU
		{6477C07A-19F2-496C-B82B-F5D30F2B121B}.Debug|Any CPU.Build.0 = Debug|Any CPU
		{6477C07A-19F2-496C-B82B-F5D30F2B121B}.Release|Any CPU.ActiveCfg = Release|Any CPU
		{6477C07A-19F2-496C-B82B-F5D30F2B121B}.Release|Any CPU.Build.0 = Release|Any CPU
	EndGlobalSection
	GlobalSection(SolutionProperties) = preSolution
		HideSolutionNode = FALSE
	EndGlobalSection
	GlobalSection(ExtensibilityGlobals) = postSolution
		SolutionGuid = {73BEE60C-5274-4340-A787-45A76147A3BD}
	EndGlobalSection
EndGlobal
